# THIS IS AN AUTOGENERATED FILE. DO NOT EDIT THIS FILE DIRECTLY.
# yarn lockfile v1


"@ristostevcev/bs-odoc@^2.2.0":
  version "2.2.0"
  resolved "https://registry.yarnpkg.com/@ristostevcev/bs-odoc/-/bs-odoc-2.2.0.tgz#5409014042bfb923819470d42f218dcc6d61db32"
  integrity sha512-WQbQK1sA+0KQQj8zPKDEZVAaJYF0C0+/SRSgADvxMabgejsmKIaJas93mSlOQ/i9bcIyU3b/8tRY2u1/Rx/low==

bs-platform@^7.1.1:
  version "7.2.2"
  resolved "https://registry.yarnpkg.com/bs-platform/-/bs-platform-7.2.2.tgz#76fdc63e4889458ae3d257a0132107a792f2309c"
  integrity sha512-PWcFfN+jCTtT/rMaHDhKh+W9RUTpaRunmSF9vbLYcrJbpgCNW6aFKAY33u0P3mLxwuhshN3b4FxqGUBPj6exZQ==

"lambda-streams@https://github.com/Risto-Stevcev/lambda-streams":
  version "0.1.0"
  resolved "https://github.com/Risto-Stevcev/lambda-streams#3d75ae90314dbfd41dda5205354b1d11aae8aaf8"
